
Microsoft Visual Studio Solution File, Format Version 12.00
# Visual Studio 2013
VisualStudioVersion = 12.0.40629.0
MinimumVisualStudioVersion = 10.0.40219.1
Project("{8BC9CEB8-8B4A-11D0-8D11-00A0C91BC942}") = "Ox93", "Ox93\Ox93.vcxproj", "{66EE6CF6-32ED-4287-9708-E0937FB44DA2}"
EndProject
Global
	GlobalSection(TeamFoundationVersionControl) = preSolution
		SccNumberOfProjects = 2
		SccEnterpriseProvider = {4CA58AB2-18FA-4F8D-95D4-32DDF27D184C}
		SccTeamFoundationServer = https://ollij93.visualstudio.com/defaultcollection
		SccLocalPath0 = .
		SccProjectUniqueName1 = Ox93\\Ox93.vcxproj
		SccProjectName1 = Ox93
		SccLocalPath1 = Ox93
	EndGlobalSection
	GlobalSection(SolutionConfigurationPlatforms) = preSolution
		Debug|Win32 = Debug|Win32
		Release|Win32 = Release|Win32
	EndGlobalSection
	GlobalSection(ProjectConfigurationPlatforms) = postSolution
		{66EE6CF6-32ED-4287-9708-E0937FB44DA2}.Debug|Win32.ActiveCfg = Debug|Win32
		{66EE6CF6-32ED-4287-9708-E0937FB44DA2}.Debug|Win32.Build.0 = Debug|Win32
		{66EE6CF6-32ED-4287-9708-E0937FB44DA2}.Release|Win32.ActiveCfg = Release|Win32
		{66EE6CF6-32ED-4287-9708-E0937FB44DA2}.Release|Win32.Build.0 = Release|Win32
	EndGlobalSection
	GlobalSection(SolutionProperties) = preSolution
		HideSolutionNode = FALSE
	EndGlobalSection
EndGlobal
